Microsoft Visual Studio Solution File, Format Version 12.00
# Visual Studio Version 17
VisualStudioVersion = 17.13.35919.96
MinimumVisualStudioVersion = 10.0.40219.1
Project("{FAE04EC0-301F-11D3-BF4B-00C04F79EFBC}") = "Rombadil", "src\Rombadil\Rombadil.csproj", "{D17A0732-E19D-4531-BFCB-B460B4ABDF82}"
EndProject
Project("{FAE04EC0-301F-11D3-BF4B-00C04F79EFBC}") = "Rombadil.Cpu", "src\Rombadil.Cpu\Rombadil.Cpu.csproj", "{54BE2208-1F5F-44A6-994A-DC312D10FEBD}"
EndProject
Project("{FAE04EC0-301F-11D3-BF4B-00C04F79EFBC}") = "Rombadil.Assembler", "src\Rombadil.Assembler\Rombadil.Assembler.csproj", "{D2390EAC-F351-4926-8D4B-438E701760DF}"
EndProject
Project("{FAE04EC0-301F-11D3-BF4B-00C04F79EFBC}") = "Rombadil.Cpu.Emulator", "src\Rombadil.Cpu.Emulator\Rombadil.Cpu.Emulator.csproj", "{6B2D7E79-118D-429A-18D4-840380F70D7C}"
EndProject
Project("{FAE04EC0-301F-11D3-BF4B-00C04F79EFBC}") = "Rombadil.Assembler.Test", "tests\Rombadil.Assembler.Test\Rombadil.Assembler.Test.csproj", "{397A5913-ACF3-4280-8CE2-DA3CE3A91105}"
EndProject
Project("{FAE04EC0-301F-11D3-BF4B-00C04F79EFBC}") = "Rombadil.Script", "scripts\Rombadil.Script\Rombadil.Script.csproj", "{EA3C30A0-B3A6-49C1-854B-4251AD0CD2CC}"
EndProject
Project("{FAE04EC0-301F-11D3-BF4B-00C04F79EFBC}") = "Rombadil.Script.Coverage", "scripts\Rombadil.Script.Coverage\Rombadil.Script.Coverage.csproj", "{18861869-0A4B-45FF-9468-F60DAD1A1081}"
EndProject
Project("{FAE04EC0-301F-11D3-BF4B-00C04F79EFBC}") = "Rombadil.Assembler.Cli", "src\Rombadil.Assembler.Cli\Rombadil.Assembler.Cli.csproj", "{485965BC-0C81-43B0-9B55-B4B4D47D53DA}"
EndProject
Project("{FAE04EC0-301F-11D3-BF4B-00C04F79EFBC}") = "Rombadil.Cpu.Emulator.Test", "tests\Rombadil.Cpu.Emulator.Test\Rombadil.Cpu.Emulator.Test.csproj", "{6453CC1D-DF9B-4CD8-9CE4-42DF02751AC8}"
EndProject
Project("{FAE04EC0-301F-11D3-BF4B-00C04F79EFBC}") = "Rombadil.Cpu.Emulator.Cli", "src\Rombadil.Cpu.Emulator.Cli\Rombadil.Cpu.Emulator.Cli.csproj", "{C0B0149C-7F39-4001-9B2B-9761299B6B5B}"
EndProject
Project("{FAE04EC0-301F-11D3-BF4B-00C04F79EFBC}") = "Rombadil.Nes.Emulator.Test", "tests\Rombadil.Nes.Emulator.Test\Rombadil.Nes.Emulator.Test.csproj", "{0283D1B8-B86C-49BC-BC39-E0FEBB49E994}"
EndProject
Project("{FAE04EC0-301F-11D3-BF4B-00C04F79EFBC}") = "Rombadil.Nes.Emulator", "src\Rombadil.Nes.Emulator\Rombadil.Nes.Emulator.csproj", "{2C6045FB-7AA0-4251-9729-D0E64EC58C2A}"
EndProject
Project("{FAE04EC0-301F-11D3-BF4B-00C04F79EFBC}") = "Rombadil.Script.Dev", "scripts\Rombadil.Script.Dev\Rombadil.Script.Dev.csproj", "{A6861EAA-0DAE-4157-BC5C-CDF70198A39B}"
EndProject
Project("{FAE04EC0-301F-11D3-BF4B-00C04F79EFBC}") = "Rombadil.Script.Package", "scripts\Rombadil.Script.Package\Rombadil.Script.Package.csproj", "{FD4D5CAE-143E-4730-97D5-003A04AEF9A3}"
EndProject
Project("{2150E333-8FDC-42A3-9474-1A3956D46DE8}") = "Scripts", "Scripts", "{02EA681E-C7D8-13C7-8484-4AC65E1B71E8}"
EndProject
Project("{2150E333-8FDC-42A3-9474-1A3956D46DE8}") = "Tests", "Tests", "{E4C98869-595A-4FBE-A1B0-558EA73CDDEC}"
EndProject
Project("{2150E333-8FDC-42A3-9474-1A3956D46DE8}") = "Cli", "Cli", "{882E06DF-F238-4A00-911D-73625C112F9B}"
EndProject
Global
	GlobalSection(SolutionConfigurationPlatforms) = preSolution
		Debug|Any CPU = Debug|Any CPU
		Release|Any CPU = Release|Any CPU
	EndGlobalSection
	GlobalSection(ProjectConfigurationPlatforms) = postSolution
		{D17A0732-E19D-4531-BFCB-B460B4ABDF82}.Debug|Any CPU.ActiveCfg = Debug|Any CPU
		{D17A0732-E19D-4531-BFCB-B460B4ABDF82}.Debug|Any CPU.Build.0 = Debug|Any CPU
		{D17A0732-E19D-4531-BFCB-B460B4ABDF82}.Release|Any CPU.ActiveCfg = Release|Any CPU
		{D17A0732-E19D-4531-BFCB-B460B4ABDF82}.Release|Any CPU.Build.0 = Release|Any CPU
		{54BE2208-1F5F-44A6-994A-DC312D10FEBD}.Debug|Any CPU.ActiveCfg = Debug|Any CPU
		{54BE2208-1F5F-44A6-994A-DC312D10FEBD}.Debug|Any CPU.Build.0 = Debug|Any CPU
		{54BE2208-1F5F-44A6-994A-DC312D10FEBD}.Release|Any CPU.ActiveCfg = Release|Any CPU
		{54BE2208-1F5F-44A6-994A-DC312D10FEBD}.Release|Any CPU.Build.0 = Release|Any CPU
		{D2390EAC-F351-4926-8D4B-438E701760DF}.Debug|Any CPU.ActiveCfg = Debug|Any CPU
		{D2390EAC-F351-4926-8D4B-438E701760DF}.Debug|Any CPU.Build.0 = Debug|Any CPU
		{D2390EAC-F351-4926-8D4B-438E701760DF}.Release|Any CPU.ActiveCfg = Release|Any CPU
		{D2390EAC-F351-4926-8D4B-438E701760DF}.Release|Any CPU.Build.0 = Release|Any CPU
		{6B2D7E79-118D-429A-18D4-840380F70D7C}.Debug|Any CPU.ActiveCfg = Debug|Any CPU
		{6B2D7E79-118D-429A-18D4-840380F70D7C}.Debug|Any CPU.Build.0 = Debug|Any CPU
		{6B2D7E79-118D-429A-18D4-840380F70D7C}.Release|Any CPU.ActiveCfg = Release|Any CPU
		{6B2D7E79-118D-429A-18D4-840380F70D7C}.Release|Any CPU.Build.0 = Release|Any CPU
		{397A5913-ACF3-4280-8CE2-DA3CE3A91105}.Debug|Any CPU.ActiveCfg = Debug|Any CPU
		{397A5913-ACF3-4280-8CE2-DA3CE3A91105}.Debug|Any CPU.Build.0 = Debug|Any CPU
		{397A5913-ACF3-4280-8CE2-DA3CE3A91105}.Release|Any CPU.ActiveCfg = Release|Any CPU
		{397A5913-ACF3-4280-8CE2-DA3CE3A91105}.Release|Any CPU.Build.0 = Release|Any CPU
		{EA3C30A0-B3A6-49C1-854B-4251AD0CD2CC}.Debug|Any CPU.ActiveCfg = Debug|Any CPU
		{EA3C30A0-B3A6-49C1-854B-4251AD0CD2CC}.Debug|Any CPU.Build.0 = Debug|Any CPU
		{EA3C30A0-B3A6-49C1-854B-4251AD0CD2CC}.Release|Any CPU.ActiveCfg = Release|Any CPU
		{EA3C30A0-B3A6-49C1-854B-4251AD0CD2CC}.Release|Any CPU.Build.0 = Release|Any CPU
		{18861869-0A4B-45FF-9468-F60DAD1A1081}.Debug|Any CPU.ActiveCfg = Debug|Any CPU
		{18861869-0A4B-45FF-9468-F60DAD1A1081}.Debug|Any CPU.Build.0 = Debug|Any CPU
		{18861869-0A4B-45FF-9468-F60DAD1A1081}.Release|Any CPU.ActiveCfg = Release|Any CPU
		{18861869-0A4B-45FF-9468-F60DAD1A1081}.Release|Any CPU.Build.0 = Release|Any CPU
		{485965BC-0C81-43B0-9B55-B4B4D47D53DA}.Debug|Any CPU.ActiveCfg = Debug|Any CPU
		{485965BC-0C81-43B0-9B55-B4B4D47D53DA}.Debug|Any CPU.Build.0 = Debug|Any CPU
		{485965BC-0C81-43B0-9B55-B4B4D47D53DA}.Release|Any CPU.ActiveCfg = Release|Any CPU
		{485965BC-0C81-43B0-9B55-B4B4D47D53DA}.Release|Any CPU.Build.0 = Release|Any CPU
		{6453CC1D-DF9B-4CD8-9CE4-42DF02751AC8}.Debug|Any CPU.ActiveCfg = Debug|Any CPU
		{6453CC1D-DF9B-4CD8-9CE4-42DF02751AC8}.Debug|Any CPU.Build.0 = Debug|Any CPU
		{6453CC1D-DF9B-4CD8-9CE4-42DF02751AC8}.Release|Any CPU.ActiveCfg = Release|Any CPU
		{6453CC1D-DF9B-4CD8-9CE4-42DF02751AC8}.Release|Any CPU.Build.0 = Release|Any CPU
		{C0B0149C-7F39-4001-9B2B-9761299B6B5B}.Debug|Any CPU.ActiveCfg = Debug|Any CPU
		{C0B0149C-7F39-4001-9B2B-9761299B6B5B}.Debug|Any CPU.Build.0 = Debug|Any CPU
		{C0B0149C-7F39-4001-9B2B-9761299B6B5B}.Release|Any CPU.ActiveCfg = Release|Any CPU
		{C0B0149C-7F39-4001-9B2B-9761299B6B5B}.Release|Any CPU.Build.0 = Release|Any CPU
		{0283D1B8-B86C-49BC-BC39-E0FEBB49E994}.Debug|Any CPU.ActiveCfg = Debug|Any CPU
		{0283D1B8-B86C-49BC-BC39-E0FEBB49E994}.Debug|Any CPU.Build.0 = Debug|Any CPU
		{0283D1B8-B86C-49BC-BC39-E0FEBB49E994}.Release|Any CPU.ActiveCfg = Release|Any CPU
		{0283D1B8-B86C-49BC-BC39-E0FEBB49E994}.Release|Any CPU.Build.0 = Release|Any CPU
		{2C6045FB-7AA0-4251-9729-D0E64EC58C2A}.Debug|Any CPU.ActiveCfg = Debug|Any CPU
		{2C6045FB-7AA0-4251-9729-D0E64EC58C2A}.Debug|Any CPU.Build.0 = Debug|Any CPU
		{2C6045FB-7AA0-4251-9729-D0E64EC58C2A}.Release|Any CPU.ActiveCfg = Release|Any CPU
		{2C6045FB-7AA0-4251-9729-D0E64EC58C2A}.Release|Any CPU.Build.0 = Release|Any CPU
		{A6861EAA-0DAE-4157-BC5C-CDF70198A39B}.Debug|Any CPU.ActiveCfg = Debug|Any CPU
		{A6861EAA-0DAE-4157-BC5C-CDF70198A39B}.Debug|Any CPU.Build.0 = Debug|Any CPU
		{A6861EAA-0DAE-4157-BC5C-CDF70198A39B}.Release|Any CPU.ActiveCfg = Release|Any CPU
		{A6861EAA-0DAE-4157-BC5C-CDF70198A39B}.Release|Any CPU.Build.0 = Release|Any CPU
		{FD4D5CAE-143E-4730-97D5-003A04AEF9A3}.Debug|Any CPU.ActiveCfg = Debug|Any CPU
		{FD4D5CAE-143E-4730-97D5-003A04AEF9A3}.Debug|Any CPU.Build.0 = Debug|Any CPU
		{FD4D5CAE-143E-4730-97D5-003A04AEF9A3}.Release|Any CPU.ActiveCfg = Release|Any CPU
		{FD4D5CAE-143E-4730-97D5-003A04AEF9A3}.Release|Any CPU.Build.0 = Release|Any CPU
	EndGlobalSection
	GlobalSection(SolutionProperties) = preSolution
		HideSolutionNode = FALSE
	EndGlobalSection
	GlobalSection(NestedProjects) = preSolution
		{397A5913-ACF3-4280-8CE2-DA3CE3A91105} = {E4C98869-595A-4FBE-A1B0-558EA73CDDEC}
		{EA3C30A0-B3A6-49C1-854B-4251AD0CD2CC} = {02EA681E-C7D8-13C7-8484-4AC65E1B71E8}
		{18861869-0A4B-45FF-9468-F60DAD1A1081} = {02EA681E-C7D8-13C7-8484-4AC65E1B71E8}
		{485965BC-0C81-43B0-9B55-B4B4D47D53DA} = {882E06DF-F238-4A00-911D-73625C112F9B}
		{6453CC1D-DF9B-4CD8-9CE4-42DF02751AC8} = {E4C98869-595A-4FBE-A1B0-558EA73CDDEC}
		{C0B0149C-7F39-4001-9B2B-9761299B6B5B} = {882E06DF-F238-4A00-911D-73625C112F9B}
		{0283D1B8-B86C-49BC-BC39-E0FEBB49E994} = {E4C98869-595A-4FBE-A1B0-558EA73CDDEC}
		{A6861EAA-0DAE-4157-BC5C-CDF70198A39B} = {02EA681E-C7D8-13C7-8484-4AC65E1B71E8}
		{FD4D5CAE-143E-4730-97D5-003A04AEF9A3} = {02EA681E-C7D8-13C7-8484-4AC65E1B71E8}
	EndGlobalSection
	GlobalSection(ExtensibilityGlobals) = postSolution
		SolutionGuid = {746FA727-7F47-4C6E-BF68-3530EF4A8419}
	EndGlobalSection
EndGlobal
