Microsoft Visual Studio Solution File, Format Version 12.00
# Visual Studio Version 17
VisualStudioVersion = 17.13.35919.96
MinimumVisualStudioVersion = 10.0.40219.1
Project("{FAE04EC0-301F-11D3-BF4B-00C04F79EFBC}") = "Rombadil", "src\Rombadil\Rombadil.csproj", "{D17A0732-E19D-4531-BFCB-B460B4ABDF82}"
EndProject
Project("{FAE04EC0-301F-11D3-BF4B-00C04F79EFBC}") = "Rombadil.Cpu", "src\Rombadil.Cpu\Rombadil.Cpu.csproj", "{54BE2208-1F5F-44A6-994A-DC312D10FEBD}"
EndProject
Project("{FAE04EC0-301F-11D3-BF4B-00C04F79EFBC}") = "Rombadil.Assembler", "src\Rombadil.Assembler\Rombadil.Assembler.csproj", "{D2390EAC-F351-4926-8D4B-438E701760DF}"
EndProject
Project("{FAE04EC0-301F-11D3-BF4B-00C04F79EFBC}") = "Rombadil.Cpu.Emulator", "src\Rombadil.Cpu.Emulator\Rombadil.Cpu.Emulator.csproj", "{6B2D7E79-118D-429A-18D4-840380F70D7C}"
EndProject
Project("{FAE04EC0-301F-11D3-BF4B-00C04F79EFBC}") = "Rombadil.Assembler.Test", "tests\Rombadil.Assembler.Test\Rombadil.Assembler.Test.csproj", "{397A5913-ACF3-4280-8CE2-DA3CE3A91105}"
EndProject
Project("{FAE04EC0-301F-11D3-BF4B-00C04F79EFBC}") = "Rombadil.Script", "scripts\Rombadil.Script\Rombadil.Script.csproj", "{EA3C30A0-B3A6-49C1-854B-4251AD0CD2CC}"
EndProject
Project("{FAE04EC0-301F-11D3-BF4B-00C04F79EFBC}") = "Rombadil.Script.Coverage", "scripts\Rombadil.Script.Coverage\Rombadil.Script.Coverage.csproj", "{18861869-0A4B-45FF-9468-F60DAD1A1081}"
EndProject
Project("{FAE04EC0-301F-11D3-BF4B-00C04F79EFBC}") = "Rombadil.Assembler.Cli", "src\Rombadil.Assembler.Cli\Rombadil.Assembler.Cli.csproj", "{485965BC-0C81-43B0-9B55-B4B4D47D53DA}"
EndProject
Global
	GlobalSection(SolutionConfigurationPlatforms) = preSolution
		Debug|Any CPU = Debug|Any CPU
		Release|Any CPU = Release|Any CPU
	EndGlobalSection
	GlobalSection(ProjectConfigurationPlatforms) = postSolution
		{D17A0732-E19D-4531-BFCB-B460B4ABDF82}.Debug|Any CPU.ActiveCfg = Debug|Any CPU
		{D17A0732-E19D-4531-BFCB-B460B4ABDF82}.Debug|Any CPU.Build.0 = Debug|Any CPU
		{D17A0732-E19D-4531-BFCB-B460B4ABDF82}.Release|Any CPU.ActiveCfg = Release|Any CPU
		{D17A0732-E19D-4531-BFCB-B460B4ABDF82}.Release|Any CPU.Build.0 = Release|Any CPU
		{54BE2208-1F5F-44A6-994A-DC312D10FEBD}.Debug|Any CPU.ActiveCfg = Debug|Any CPU
		{54BE2208-1F5F-44A6-994A-DC312D10FEBD}.Debug|Any CPU.Build.0 = Debug|Any CPU
		{54BE2208-1F5F-44A6-994A-DC312D10FEBD}.Release|Any CPU.ActiveCfg = Release|Any CPU
		{54BE2208-1F5F-44A6-994A-DC312D10FEBD}.Release|Any CPU.Build.0 = Release|Any CPU
		{D2390EAC-F351-4926-8D4B-438E701760DF}.Debug|Any CPU.ActiveCfg = Debug|Any CPU
		{D2390EAC-F351-4926-8D4B-438E701760DF}.Debug|Any CPU.Build.0 = Debug|Any CPU
		{D2390EAC-F351-4926-8D4B-438E701760DF}.Release|Any CPU.ActiveCfg = Release|Any CPU
		{D2390EAC-F351-4926-8D4B-438E701760DF}.Release|Any CPU.Build.0 = Release|Any CPU
		{6B2D7E79-118D-429A-18D4-840380F70D7C}.Debug|Any CPU.ActiveCfg = Debug|Any CPU
		{6B2D7E79-118D-429A-18D4-840380F70D7C}.Debug|Any CPU.Build.0 = Debug|Any CPU
		{6B2D7E79-118D-429A-18D4-840380F70D7C}.Release|Any CPU.ActiveCfg = Release|Any CPU
		{6B2D7E79-118D-429A-18D4-840380F70D7C}.Release|Any CPU.Build.0 = Release|Any CPU
		{397A5913-ACF3-4280-8CE2-DA3CE3A91105}.Debug|Any CPU.ActiveCfg = Debug|Any CPU
		{397A5913-ACF3-4280-8CE2-DA3CE3A91105}.Debug|Any CPU.Build.0 = Debug|Any CPU
		{397A5913-ACF3-4280-8CE2-DA3CE3A91105}.Release|Any CPU.ActiveCfg = Release|Any CPU
		{397A5913-ACF3-4280-8CE2-DA3CE3A91105}.Release|Any CPU.Build.0 = Release|Any CPU
		{EA3C30A0-B3A6-49C1-854B-4251AD0CD2CC}.Debug|Any CPU.ActiveCfg = Debug|Any CPU
		{EA3C30A0-B3A6-49C1-854B-4251AD0CD2CC}.Debug|Any CPU.Build.0 = Debug|Any CPU
		{EA3C30A0-B3A6-49C1-854B-4251AD0CD2CC}.Release|Any CPU.ActiveCfg = Release|Any CPU
		{EA3C30A0-B3A6-49C1-854B-4251AD0CD2CC}.Release|Any CPU.Build.0 = Release|Any CPU
		{18861869-0A4B-45FF-9468-F60DAD1A1081}.Debug|Any CPU.ActiveCfg = Debug|Any CPU
		{18861869-0A4B-45FF-9468-F60DAD1A1081}.Debug|Any CPU.Build.0 = Debug|Any CPU
		{18861869-0A4B-45FF-9468-F60DAD1A1081}.Release|Any CPU.ActiveCfg = Release|Any CPU
		{18861869-0A4B-45FF-9468-F60DAD1A1081}.Release|Any CPU.Build.0 = Release|Any CPU
		{485965BC-0C81-43B0-9B55-B4B4D47D53DA}.Debug|Any CPU.ActiveCfg = Debug|Any CPU
		{485965BC-0C81-43B0-9B55-B4B4D47D53DA}.Debug|Any CPU.Build.0 = Debug|Any CPU
		{485965BC-0C81-43B0-9B55-B4B4D47D53DA}.Release|Any CPU.ActiveCfg = Release|Any CPU
		{485965BC-0C81-43B0-9B55-B4B4D47D53DA}.Release|Any CPU.Build.0 = Release|Any CPU
	EndGlobalSection
	GlobalSection(SolutionProperties) = preSolution
		HideSolutionNode = FALSE
	EndGlobalSection
	GlobalSection(ExtensibilityGlobals) = postSolution
		SolutionGuid = {746FA727-7F47-4C6E-BF68-3530EF4A8419}
	EndGlobalSection
EndGlobal
